
Microsoft Visual Studio Solution File, Format Version 12.00
# Visual Studio Version 17
VisualStudioVersion = 17.7.34031.279
MinimumVisualStudioVersion = 10.0.40219.1
Project("{2150E333-8FDC-42A3-9474-1A3956D46DE8}") = "Week11", "Week11", "{831C9BDB-515A-4ACC-A8F9-CFED43028A86}"
EndProject
Project("{2150E333-8FDC-42A3-9474-1A3956D46DE8}") = "Core", "Core", "{F7C67EEE-A28D-4B2E-B7A2-1B994D22C098}"
EndProject
Project("{FAE04EC0-301F-11D3-BF4B-00C04F79EFBC}") = "Week11.Application", "Core\Week11.Application\Week11.Application.csproj", "{5558D2FC-80D3-488C-BC37-17E2B2441720}"
EndProject
Project("{FAE04EC0-301F-11D3-BF4B-00C04F79EFBC}") = "Week11_1.Domain", "Core\Week11_1.Domain\Week11_1.Domain.csproj", "{925EBC70-CB93-4CB6-AB1D-CA6FDD4666D2}"
EndProject
Project("{2150E333-8FDC-42A3-9474-1A3956D46DE8}") = "Infrastructure", "Infrastructure", "{A18B46D9-2DEC-49FD-814E-95E8775573E9}"
EndProject
Project("{FAE04EC0-301F-11D3-BF4B-00C04F79EFBC}") = "Week_11_.Insfrastructure", "Week_11_.Insfrastructure\Week_11_.Insfrastructure.csproj", "{DCF745A9-1F6D-40C1-82D6-CD0A37DABFE3}"
EndProject
Project("{FAE04EC0-301F-11D3-BF4B-00C04F79EFBC}") = "Week_11_1.Persistence", "Wee_11_1.Persistence\Week_11_1.Persistence.csproj", "{5E28BD59-A729-4658-A5C6-6BABE2D70A78}"
EndProject
Project("{2150E333-8FDC-42A3-9474-1A3956D46DE8}") = "Context", "Context", "{246935C4-05B1-4995-B2A7-A11170BE78B4}"
EndProject
Project("{2150E333-8FDC-42A3-9474-1A3956D46DE8}") = "Presentation", "Presentation", "{0778AB58-CA27-41D1-AC73-9B520ABF96B2}"
EndProject
Project("{FAE04EC0-301F-11D3-BF4B-00C04F79EFBC}") = "Week_11.WebAPİ", "Week_11.WebAPİ\Week_11.WebAPİ.csproj", "{178E6EE5-6C06-4CC0-8D3B-98E5BFB3AD19}"
EndProject
Global
	GlobalSection(SolutionConfigurationPlatforms) = preSolution
		Debug|Any CPU = Debug|Any CPU
		Release|Any CPU = Release|Any CPU
	EndGlobalSection
	GlobalSection(ProjectConfigurationPlatforms) = postSolution
		{5558D2FC-80D3-488C-BC37-17E2B2441720}.Debug|Any CPU.ActiveCfg = Debug|Any CPU
		{5558D2FC-80D3-488C-BC37-17E2B2441720}.Debug|Any CPU.Build.0 = Debug|Any CPU
		{5558D2FC-80D3-488C-BC37-17E2B2441720}.Release|Any CPU.ActiveCfg = Release|Any CPU
		{5558D2FC-80D3-488C-BC37-17E2B2441720}.Release|Any CPU.Build.0 = Release|Any CPU
		{925EBC70-CB93-4CB6-AB1D-CA6FDD4666D2}.Debug|Any CPU.ActiveCfg = Debug|Any CPU
		{925EBC70-CB93-4CB6-AB1D-CA6FDD4666D2}.Debug|Any CPU.Build.0 = Debug|Any CPU
		{925EBC70-CB93-4CB6-AB1D-CA6FDD4666D2}.Release|Any CPU.ActiveCfg = Release|Any CPU
		{925EBC70-CB93-4CB6-AB1D-CA6FDD4666D2}.Release|Any CPU.Build.0 = Release|Any CPU
		{DCF745A9-1F6D-40C1-82D6-CD0A37DABFE3}.Debug|Any CPU.ActiveCfg = Debug|Any CPU
		{DCF745A9-1F6D-40C1-82D6-CD0A37DABFE3}.Debug|Any CPU.Build.0 = Debug|Any CPU
		{DCF745A9-1F6D-40C1-82D6-CD0A37DABFE3}.Release|Any CPU.ActiveCfg = Release|Any CPU
		{DCF745A9-1F6D-40C1-82D6-CD0A37DABFE3}.Release|Any CPU.Build.0 = Release|Any CPU
		{5E28BD59-A729-4658-A5C6-6BABE2D70A78}.Debug|Any CPU.ActiveCfg = Debug|Any CPU
		{5E28BD59-A729-4658-A5C6-6BABE2D70A78}.Debug|Any CPU.Build.0 = Debug|Any CPU
		{5E28BD59-A729-4658-A5C6-6BABE2D70A78}.Release|Any CPU.ActiveCfg = Release|Any CPU
		{5E28BD59-A729-4658-A5C6-6BABE2D70A78}.Release|Any CPU.Build.0 = Release|Any CPU
		{178E6EE5-6C06-4CC0-8D3B-98E5BFB3AD19}.Debug|Any CPU.ActiveCfg = Debug|Any CPU
		{178E6EE5-6C06-4CC0-8D3B-98E5BFB3AD19}.Debug|Any CPU.Build.0 = Debug|Any CPU
		{178E6EE5-6C06-4CC0-8D3B-98E5BFB3AD19}.Release|Any CPU.ActiveCfg = Release|Any CPU
		{178E6EE5-6C06-4CC0-8D3B-98E5BFB3AD19}.Release|Any CPU.Build.0 = Release|Any CPU
	EndGlobalSection
	GlobalSection(SolutionProperties) = preSolution
		HideSolutionNode = FALSE
	EndGlobalSection
	GlobalSection(NestedProjects) = preSolution
		{F7C67EEE-A28D-4B2E-B7A2-1B994D22C098} = {831C9BDB-515A-4ACC-A8F9-CFED43028A86}
		{5558D2FC-80D3-488C-BC37-17E2B2441720} = {F7C67EEE-A28D-4B2E-B7A2-1B994D22C098}
		{925EBC70-CB93-4CB6-AB1D-CA6FDD4666D2} = {F7C67EEE-A28D-4B2E-B7A2-1B994D22C098}
		{A18B46D9-2DEC-49FD-814E-95E8775573E9} = {831C9BDB-515A-4ACC-A8F9-CFED43028A86}
		{DCF745A9-1F6D-40C1-82D6-CD0A37DABFE3} = {A18B46D9-2DEC-49FD-814E-95E8775573E9}
		{5E28BD59-A729-4658-A5C6-6BABE2D70A78} = {A18B46D9-2DEC-49FD-814E-95E8775573E9}
		{246935C4-05B1-4995-B2A7-A11170BE78B4} = {A18B46D9-2DEC-49FD-814E-95E8775573E9}
		{0778AB58-CA27-41D1-AC73-9B520ABF96B2} = {831C9BDB-515A-4ACC-A8F9-CFED43028A86}
		{178E6EE5-6C06-4CC0-8D3B-98E5BFB3AD19} = {0778AB58-CA27-41D1-AC73-9B520ABF96B2}
	EndGlobalSection
	GlobalSection(ExtensibilityGlobals) = postSolution
		SolutionGuid = {88F50258-BC7F-4738-B12A-BDEB5189690E}
	EndGlobalSection
EndGlobal
